// !$*UTF8*$!
{
	archiveVersion = 1;
	classes = {
	};
	objectVersion = 50;
	objects = {

/* Begin PBXBuildFile section */
		CA605E8B25C71780005660EC /* Swift_UI_Slots_ChallengeApp.swift in Sources */ = {isa = PBXBuildFile; fileRef = CA605E7825C7177C005660EC /* Swift_UI_Slots_ChallengeApp.swift */; };
		CA605E8C25C71780005660EC /* Swift_UI_Slots_ChallengeApp.swift in Sources */ = {isa = PBXBuildFile; fileRef = CA605E7825C7177C005660EC /* Swift_UI_Slots_ChallengeApp.swift */; };
		CA605E8D25C71780005660EC /* ContentView.swift in Sources */ = {isa = PBXBuildFile; fileRef = CA605E7925C7177C005660EC /* ContentView.swift */; };
		CA605E8E25C71780005660EC /* ContentView.swift in Sources */ = {isa = PBXBuildFile; fileRef = CA605E7925C7177C005660EC /* ContentView.swift */; };
		CA605E8F25C71780005660EC /* Assets.xcassets in Resources */ = {isa = PBXBuildFile; fileRef = CA605E7A25C71780005660EC /* Assets.xcassets */; };
		CA605E9025C71780005660EC /* Assets.xcassets in Resources */ = {isa = PBXBuildFile; fileRef = CA605E7A25C71780005660EC /* Assets.xcassets */; };
/* End PBXBuildFile section */

/* Begin PBXFileReference section */
		CA605E7825C7177C005660EC /* Swift_UI_Slots_ChallengeApp.swift */ = {isa = PBXFileReference; lastKnownFileType = sourcecode.swift; path = Swift_UI_Slots_ChallengeApp.swift; sourceTree = "<group>"; };
		CA605E7925C7177C005660EC /* ContentView.swift */ = {isa = PBXFileReference; lastKnownFileType = sourcecode.swift; path = ContentView.swift; sourceTree = "<group>"; };
		CA605E7A25C71780005660EC /* Assets.xcassets */ = {isa = PBXFileReference; lastKnownFileType = folder.assetcatalog; path = Assets.xcassets; sourceTree = "<group>"; };
		CA605E7F25C71780005660EC /* Swift UI Slots Challenge.app */ = {isa = PBXFileReference; explicitFileType = wrapper.application; includeInIndex = 0; path = "Swift UI Slots Challenge.app"; sourceTree = BUILT_PRODUCTS_DIR; };
		CA605E8225C71780005660EC /* Info.plist */ = {isa = PBXFileReference; lastKnownFileType = text.plist.xml; path = Info.plist; sourceTree = "<group>"; };
		CA605E8725C71780005660EC /* Swift UI Slots Challenge.app */ = {isa = PBXFileReference; explicitFileType = wrapper.application; includeInIndex = 0; path = "Swift UI Slots Challenge.app"; sourceTree = BUILT_PRODUCTS_DIR; };
		CA605E8925C71780005660EC /* Info.plist */ = {isa = PBXFileReference; lastKnownFileType = text.plist.xml; path = Info.plist; sourceTree = "<group>"; };
		CA605E8A25C71780005660EC /* macOS.entitlements */ = {isa = PBXFileReference; lastKnownFileType = text.plist.entitlements; path = macOS.entitlements; sourceTree = "<group>"; };
/* End PBXFileReference section */

/* Begin PBXFrameworksBuildPhase section */
		CA605E7C25C71780005660EC /* Frameworks */ = {
			isa = PBXFrameworksBuildPhase;
			buildActionMask = 2147483647;
			files = (
			);
			runOnlyForDeploymentPostprocessing = 0;
		};
		CA605E8425C71780005660EC /* Frameworks */ = {
			isa = PBXFrameworksBuildPhase;
			buildActionMask = 2147483647;
			files = (
			);
			runOnlyForDeploymentPostprocessing = 0;
		};
/* End PBXFrameworksBuildPhase section */

/* Begin PBXGroup section */
		CA605E7225C7177C005660EC = {
			isa = PBXGroup;
			children = (
				CA605E7725C7177C005660EC /* Shared */,
				CA605E8125C71780005660EC /* iOS */,
				CA605E8825C71780005660EC /* macOS */,
				CA605E8025C71780005660EC /* Products */,
			);
			sourceTree = "<group>";
		};
		CA605E7725C7177C005660EC /* Shared */ = {
			isa = PBXGroup;
			children = (
				CA605E7825C7177C005660EC /* Swift_UI_Slots_ChallengeApp.swift */,
				CA605E7925C7177C005660EC /* ContentView.swift */,
				CA605E7A25C71780005660EC /* Assets.xcassets */,
			);
			path = Shared;
			sourceTree = "<group>";
		};
		CA605E8025C71780005660EC /* Products */ = {
			isa = PBXGroup;
			children = (
				CA605E7F25C71780005660EC /* Swift UI Slots Challenge.app */,
				CA605E8725C71780005660EC /* Swift UI Slots Challenge.app */,
			);
			name = Products;
			sourceTree = "<group>";
		};
		CA605E8125C71780005660EC /* iOS */ = {
			isa = PBXGroup;
			children = (
				CA605E8225C71780005660EC /* Info.plist */,
			);
			path = iOS;
			sourceTree = "<group>";
		};
		CA605E8825C71780005660EC /* macOS */ = {
			isa = PBXGroup;
			children = (
				CA605E8925C71780005660EC /* Info.plist */,
				CA605E8A25C71780005660EC /* macOS.entitlements */,
			);
			path = macOS;
			sourceTree = "<group>";
		};
/* End PBXGroup section */

/* Begin PBXNativeTarget section */
		CA605E7E25C71780005660EC /* Swift UI Slots Challenge (iOS) */ = {
			isa = PBXNativeTarget;
			buildConfigurationList = CA605E9325C71780005660EC /* Build configuration list for PBXNativeTarget "Swift UI Slots Challenge (iOS)" */;
			buildPhases = (
				CA605E7B25C71780005660EC /* Sources */,
				CA605E7C25C71780005660EC /* Frameworks */,
				CA605E7D25C71780005660EC /* Resources */,
			);
			buildRules = (
			);
			dependencies = (
			);
			name = "Swift UI Slots Challenge (iOS)";
			productName = "Swift UI Slots Challenge (iOS)";
			productReference = CA605E7F25C71780005660EC /* Swift UI Slots Challenge.app */;
			productType = "com.apple.product-type.application";
		};
		CA605E8625C71780005660EC /* Swift UI Slots Challenge (macOS) */ = {
			isa = PBXNativeTarget;
			buildConfigurationList = CA605E9625C71780005660EC /* Build configuration list for PBXNativeTarget "Swift UI Slots Challenge (macOS)" */;
			buildPhases = (
				CA605E8325C71780005660EC /* Sources */,
				CA605E8425C71780005660EC /* Frameworks */,
				CA605E8525C71780005660EC /* Resources */,
			);
			buildRules = (
			);
			dependencies = (
			);
			name = "Swift UI Slots Challenge (macOS)";
			productName = "Swift UI Slots Challenge (macOS)";
			productReference = CA605E8725C71780005660EC /* Swift UI Slots Challenge.app */;
			productType = "com.apple.product-type.application";
		};
/* End PBXNativeTarget section */

/* Begin PBXProject section */
		CA605E7325C7177C005660EC /* Project object */ = {
			isa = PBXProject;
			attributes = {
				LastSwiftUpdateCheck = 1240;
				LastUpgradeCheck = 1240;
				TargetAttributes = {
					CA605E7E25C71780005660EC = {
						CreatedOnToolsVersion = 12.4;
					};
					CA605E8625C71780005660EC = {
						CreatedOnToolsVersion = 12.4;
					};
				};
			};
			buildConfigurationList = CA605E7625C7177C005660EC /* Build configuration list for PBXProject "Swift UI Slots Challenge" */;
			compatibilityVersion = "Xcode 9.3";
			developmentRegion = en;
			hasScannedForEncodings = 0;
			knownRegions = (
				en,
				Base,
			);
			mainGroup = CA605E7225C7177C005660EC;
			productRefGroup = CA605E8025C71780005660EC /* Products */;
			projectDirPath = "";
			projectRoot = "";
			targets = (
				CA605E7E25C71780005660EC /* Swift UI Slots Challenge (iOS) */,
				CA605E8625C71780005660EC /* Swift UI Slots Challenge (macOS) */,
			);
		};
/* End PBXProject section */

/* Begin PBXResourcesBuildPhase section */
		CA605E7D25C71780005660EC /* Resources */ = {
			isa = PBXResourcesBuildPhase;
			buildActionMask = 2147483647;
			files = (
				CA605E8F25C71780005660EC /* Assets.xcassets in Resources */,
			);
			runOnlyForDeploymentPostprocessing = 0;
		};
		CA605E8525C71780005660EC /* Resources */ = {
			isa = PBXResourcesBuildPhase;
			buildActionMask = 2147483647;
			files = (
				CA605E9025C71780005660EC /* Assets.xcassets in Resources */,
			);
			runOnlyForDeploymentPostprocessing = 0;
		};
/* End PBXResourcesBuildPhase section */

/* Begin PBXSourcesBuildPhase section */
		CA605E7B25C71780005660EC /* Sources */ = {
			isa = PBXSourcesBuildPhase;
			buildActionMask = 2147483647;
			files = (
				CA605E8D25C71780005660EC /* ContentView.swift in Sources */,
				CA605E8B25C71780005660EC /* Swift_UI_Slots_ChallengeApp.swift in Sources */,
			);
			runOnlyForDeploymentPostprocessing = 0;
		};
		CA605E8325C71780005660EC /* Sources */ = {
			isa = PBXSourcesBuildPhase;
			buildActionMask = 2147483647;
			files = (
				CA605E8E25C71780005660EC /* ContentView.swift in Sources */,
				CA605E8C25C71780005660EC /* Swift_UI_Slots_ChallengeApp.swift in Sources */,
			);
			runOnlyForDeploymentPostprocessing = 0;
		};
/* End PBXSourcesBuildPhase section */

/* Begin XCBuildConfiguration section */
		CA605E9125C71780005660EC /* Debug */ = {
			isa = XCBuildConfiguration;
			buildSettings = {
				ALWAYS_SEARCH_USER_PATHS = NO;
				CLANG_ANALYZER_NONNULL = YES;
				CLANG_ANALYZER_NUMBER_OBJECT_CONVERSION = YES_AGGRESSIVE;
				CLANG_CXX_LANGUAGE_STANDARD = "gnu++14";
				CLANG_CXX_LIBRARY = "libc++";
				CLANG_ENABLE_MODULES = YES;
				CLANG_ENABLE_OBJC_ARC = YES;
				CLANG_ENABLE_OBJC_WEAK = YES;
				CLANG_WARN_BLOCK_CAPTURE_AUTORELEASING = YES;
				CLANG_WARN_BOOL_CONVERSION = YES;
				CLANG_WARN_COMMA = YES;
				CLANG_WARN_CONSTANT_CONVERSION = YES;
				CLANG_WARN_DEPRECATED_OBJC_IMPLEMENTATIONS = YES;
				CLANG_WARN_DIRECT_OBJC_ISA_USAGE = YES_ERROR;
				CLANG_WARN_DOCUMENTATION_COMMENTS = YES;
				CLANG_WARN_EMPTY_BODY = YES;
				CLANG_WARN_ENUM_CONVERSION = YES;
				CLANG_WARN_INFINITE_RECURSION = YES;
				CLANG_WARN_INT_CONVERSION = YES;
				CLANG_WARN_NON_LITERAL_NULL_CONVERSION = YES;
				CLANG_WARN_OBJC_IMPLICIT_RETAIN_SELF = YES;
				CLANG_WARN_OBJC_LITERAL_CONVERSION = YES;
				CLANG_WARN_OBJC_ROOT_CLASS = YES_ERROR;
				CLANG_WARN_QUOTED_INCLUDE_IN_FRAMEWORK_HEADER = YES;
				CLANG_WARN_RANGE_LOOP_ANALYSIS = YES;
				CLANG_WARN_STRICT_PROTOTYPES = YES;
				CLANG_WARN_SUSPICIOUS_MOVE = YES;
				CLANG_WARN_UNGUARDED_AVAILABILITY = YES_AGGRESSIVE;
				CLANG_WARN_UNREACHABLE_CODE = YES;
				CLANG_WARN__DUPLICATE_METHOD_MATCH = YES;
				COPY_PHASE_STRIP = NO;
				DEBUG_INFORMATION_FORMAT = dwarf;
				ENABLE_STRICT_OBJC_MSGSEND = YES;
				ENABLE_TESTABILITY = YES;
				GCC_C_LANGUAGE_STANDARD = gnu11;
				GCC_DYNAMIC_NO_PIC = NO;
				GCC_NO_COMMON_BLOCKS = YES;
				GCC_OPTIMIZATION_LEVEL = 0;
				GCC_PREPROCESSOR_DEFINITIONS = (
					"DEBUG=1",
					"$(inherited)",
				);
				GCC_WARN_64_TO_32_BIT_CONVERSION = YES;
				GCC_WARN_ABOUT_RETURN_TYPE = YES_ERROR;
				GCC_WARN_UNDECLARED_SELECTOR = YES;
				GCC_WARN_UNINITIALIZED_AUTOS = YES_AGGRESSIVE;
				GCC_WARN_UNUSED_FUNCTION = YES;
				GCC_WARN_UNUSED_VARIABLE = YES;
				MTL_ENABLE_DEBUG_INFO = INCLUDE_SOURCE;
				MTL_FAST_MATH = YES;
				ONLY_ACTIVE_ARCH = YES;
				SWIFT_ACTIVE_COMPILATION_CONDITIONS = DEBUG;
				SWIFT_OPTIMIZATION_LEVEL = "-Onone";
			};
			name = Debug;
		};
		CA605E9225C71780005660EC /* Release */ = {
			isa = XCBuildConfiguration;
			buildSettings = {
				ALWAYS_SEARCH_USER_PATHS = NO;
				CLANG_ANALYZER_NONNULL = YES;
				CLANG_ANALYZER_NUMBER_OBJECT_CONVERSION = YES_AGGRESSIVE;
				CLANG_CXX_LANGUAGE_STANDARD = "gnu++14";
				CLANG_CXX_LIBRARY = "libc++";
				CLANG_ENABLE_MODULES = YES;
				CLANG_ENABLE_OBJC_ARC = YES;
				CLANG_ENABLE_OBJC_WEAK = YES;
				CLANG_WARN_BLOCK_CAPTURE_AUTORELEASING = YES;
				CLANG_WARN_BOOL_CONVERSION = YES;
				CLANG_WARN_COMMA = YES;
				CLANG_WARN_CONSTANT_CONVERSION = YES;
				CLANG_WARN_DEPRECATED_OBJC_IMPLEMENTATIONS = YES;
				CLANG_WARN_DIRECT_OBJC_ISA_USAGE = YES_ERROR;
				CLANG_WARN_DOCUMENTATION_COMMENTS = YES;
				CLANG_WARN_EMPTY_BODY = YES;
				CLANG_WARN_ENUM_CONVERSION = YES;
				CLANG_WARN_INFINITE_RECURSION = YES;
				CLANG_WARN_INT_CONVERSION = YES;
				CLANG_WARN_NON_LITERAL_NULL_CONVERSION = YES;
				CLANG_WARN_OBJC_IMPLICIT_RETAIN_SELF = YES;
				CLANG_WARN_OBJC_LITERAL_CONVERSION = YES;
				CLANG_WARN_OBJC_ROOT_CLASS = YES_ERROR;
				CLANG_WARN_QUOTED_INCLUDE_IN_FRAMEWORK_HEADER = YES;
				CLANG_WARN_RANGE_LOOP_ANALYSIS = YES;
				CLANG_WARN_STRICT_PROTOTYPES = YES;
				CLANG_WARN_SUSPICIOUS_MOVE = YES;
				CLANG_WARN_UNGUARDED_AVAILABILITY = YES_AGGRESSIVE;
				CLANG_WARN_UNREACHABLE_CODE = YES;
				CLANG_WARN__DUPLICATE_METHOD_MATCH = YES;
				COPY_PHASE_STRIP = NO;
				DEBUG_INFORMATION_FORMAT = "dwarf-with-dsym";
				ENABLE_NS_ASSERTIONS = NO;
				ENABLE_STRICT_OBJC_MSGSEND = YES;
				GCC_C_LANGUAGE_STANDARD = gnu11;
				GCC_NO_COMMON_BLOCKS = YES;
				GCC_WARN_64_TO_32_BIT_CONVERSION = YES;
				GCC_WARN_ABOUT_RETURN_TYPE = YES_ERROR;
				GCC_WARN_UNDECLARED_SELECTOR = YES;
				GCC_WARN_UNINITIALIZED_AUTOS = YES_AGGRESSIVE;
				GCC_WARN_UNUSED_FUNCTION = YES;
				GCC_WARN_UNUSED_VARIABLE = YES;
				MTL_ENABLE_DEBUG_INFO = NO;
				MTL_FAST_MATH = YES;
				SWIFT_COMPILATION_MODE = wholemodule;
				SWIFT_OPTIMIZATION_LEVEL = "-O";
			};
			name = Release;
		};
		CA605E9425C71780005660EC /* Debug */ = {
			isa = XCBuildConfiguration;
			buildSettings = {
				ASSETCATALOG_COMPILER_APPICON_NAME = AppIcon;
				ASSETCATALOG_COMPILER_GLOBAL_ACCENT_COLOR_NAME = AccentColor;
				CODE_SIGN_STYLE = Automatic;
				DEVELOPMENT_TEAM = NGA2X6V298;
				ENABLE_PREVIEWS = YES;
				INFOPLIST_FILE = iOS/Info.plist;
				IPHONEOS_DEPLOYMENT_TARGET = 14.0;
				LD_RUNPATH_SEARCH_PATHS = (
					"$(inherited)",
					"@executable_path/Frameworks",
				);
				PRODUCT_BUNDLE_IDENTIFIER = "dowonkim.Swift-UI-Slots-Challenge";
				PRODUCT_NAME = "Swift UI Slots Challenge";
				SDKROOT = iphoneos;
				SWIFT_VERSION = 5.0;
				TARGETED_DEVICE_FAMILY = "1,2";
			};
			name = Debug;
		};
		CA605E9525C71780005660EC /* Release */ = {
			isa = XCBuildConfiguration;
			buildSettings = {
				ASSETCATALOG_COMPILER_APPICON_NAME = AppIcon;
				ASSETCATALOG_COMPILER_GLOBAL_ACCENT_COLOR_NAME = AccentColor;
				CODE_SIGN_STYLE = Automatic;
				DEVELOPMENT_TEAM = NGA2X6V298;
				ENABLE_PREVIEWS = YES;
				INFOPLIST_FILE = iOS/Info.plist;
				IPHONEOS_DEPLOYMENT_TARGET = 14.0;
				LD_RUNPATH_SEARCH_PATHS = (
					"$(inherited)",
					"@executable_path/Frameworks",
				);
				PRODUCT_BUNDLE_IDENTIFIER = "dowonkim.Swift-UI-Slots-Challenge";
				PRODUCT_NAME = "Swift UI Slots Challenge";
				SDKROOT = iphoneos;
				SWIFT_VERSION = 5.0;
				TARGETED_DEVICE_FAMILY = "1,2";
				VALIDATE_PRODUCT = YES;
			};
			name = Release;
		};
		CA605E9725C71780005660EC /* Debug */ = {
			isa = XCBuildConfiguration;
			buildSettings = {
				ASSETCATALOG_COMPILER_APPICON_NAME = AppIcon;
				ASSETCATALOG_COMPILER_GLOBAL_ACCENT_COLOR_NAME = AccentColor;
				CODE_SIGN_ENTITLEMENTS = macOS/macOS.entitlements;
				CODE_SIGN_STYLE = Automatic;
				COMBINE_HIDPI_IMAGES = YES;
				DEVELOPMENT_TEAM = NGA2X6V298;
				ENABLE_HARDENED_RUNTIME = YES;
				ENABLE_PREVIEWS = YES;
				INFOPLIST_FILE = macOS/Info.plist;
				LD_RUNPATH_SEARCH_PATHS = (
					"$(inherited)",
					"@executable_path/../Frameworks",
				);
				MACOSX_DEPLOYMENT_TARGET = 11.0;
				PRODUCT_BUNDLE_IDENTIFIER = "dowonkim.Swift-UI-Slots-Challenge";
				PRODUCT_NAME = "Swift UI Slots Challenge";
				SDKROOT = macosx;
				SWIFT_VERSION = 5.0;
			};
			name = Debug;
		};
		CA605E9825C71780005660EC /* Release */ = {
			isa = XCBuildConfiguration;
			buildSettings = {
				ASSETCATALOG_COMPILER_APPICON_NAME = AppIcon;
				ASSETCATALOG_COMPILER_GLOBAL_ACCENT_COLOR_NAME = AccentColor;
				CODE_SIGN_ENTITLEMENTS = macOS/macOS.entitlements;
				CODE_SIGN_STYLE = Automatic;
				COMBINE_HIDPI_IMAGES = YES;
				DEVELOPMENT_TEAM = NGA2X6V298;
				ENABLE_HARDENED_RUNTIME = YES;
				ENABLE_PREVIEWS = YES;
				INFOPLIST_FILE = macOS/Info.plist;
				LD_RUNPATH_SEARCH_PATHS = (
					"$(inherited)",
					"@executable_path/../Frameworks",
				);
				MACOSX_DEPLOYMENT_TARGET = 11.0;
				PRODUCT_BUNDLE_IDENTIFIER = "dowonkim.Swift-UI-Slots-Challenge";
				PRODUCT_NAME = "Swift UI Slots Challenge";
				SDKROOT = macosx;
				SWIFT_VERSION = 5.0;
			};
			name = Release;
		};
/* End XCBuildConfiguration section */

/* Begin XCConfigurationList section */
		CA605E7625C7177C005660EC /* Build configuration list for PBXProject "Swift UI Slots Challenge" */ = {
			isa = XCConfigurationList;
			buildConfigurations = (
				CA605E9125C71780005660EC /* Debug */,
				CA605E9225C71780005660EC /* Release */,
			);
			defaultConfigurationIsVisible = 0;
			defaultConfigurationName = Release;
		};
		CA605E9325C71780005660EC /* Build configuration list for PBXNativeTarget "Swift UI Slots Challenge (iOS)" */ = {
			isa = XCConfigurationList;
			buildConfigurations = (
				CA605E9425C71780005660EC /* Debug */,
				CA605E9525C71780005660EC /* Release */,
			);
			defaultConfigurationIsVisible = 0;
			defaultConfigurationName = Release;
		};
		CA605E9625C71780005660EC /* Build configuration list for PBXNativeTarget "Swift UI Slots Challenge (macOS)" */ = {
			isa = XCConfigurationList;
			buildConfigurations = (
				CA605E9725C71780005660EC /* Debug */,
				CA605E9825C71780005660EC /* Release */,
			);
			defaultConfigurationIsVisible = 0;
			defaultConfigurationName = Release;
		};
/* End XCConfigurationList section */
	};
	rootObject = CA605E7325C7177C005660EC /* Project object */;
}
